
Microsoft Visual Studio Solution File, Format Version 12.00
# Visual Studio Version 18
VisualStudioVersion = 18.3.11527.330
MinimumVisualStudioVersion = 10.0.40219.1
Project("{FAE04EC0-301F-11D3-BF4B-00C04F79EFBC}") = "BarberShop", "BarberShop\BarberShop.csproj", "{C58E4892-03C7-4AF7-9959-7C8B8C15AEBD}"
EndProject
Project("{FAE04EC0-301F-11D3-BF4B-00C04F79EFBC}") = "BarberShop.Tests", "BarberShop.Tests\BarberShop.Tests.csproj", "{832FF673-C31A-427B-917C-140B9A435120}"
EndProject
Global
	GlobalSection(SolutionConfigurationPlatforms) = preSolution
		Debug|Any CPU = Debug|Any CPU
		Debug|x64 = Debug|x64
		Debug|x86 = Debug|x86
		Release|Any CPU = Release|Any CPU
		Release|x64 = Release|x64
		Release|x86 = Release|x86
	EndGlobalSection
	GlobalSection(ProjectConfigurationPlatforms) = postSolution
		{C58E4892-03C7-4AF7-9959-7C8B8C15AEBD}.Debug|Any CPU.ActiveCfg = Debug|Any CPU
		{C58E4892-03C7-4AF7-9959-7C8B8C15AEBD}.Debug|Any CPU.Build.0 = Debug|Any CPU
		{C58E4892-03C7-4AF7-9959-7C8B8C15AEBD}.Debug|x64.ActiveCfg = Debug|Any CPU
		{C58E4892-03C7-4AF7-9959-7C8B8C15AEBD}.Debug|x64.Build.0 = Debug|Any CPU
		{C58E4892-03C7-4AF7-9959-7C8B8C15AEBD}.Debug|x86.ActiveCfg = Debug|Any CPU
		{C58E4892-03C7-4AF7-9959-7C8B8C15AEBD}.Debug|x86.Build.0 = Debug|Any CPU
		{C58E4892-03C7-4AF7-9959-7C8B8C15AEBD}.Release|Any CPU.ActiveCfg = Release|Any CPU
		{C58E4892-03C7-4AF7-9959-7C8B8C15AEBD}.Release|Any CPU.Build.0 = Release|Any CPU
		{C58E4892-03C7-4AF7-9959-7C8B8C15AEBD}.Release|x64.ActiveCfg = Release|Any CPU
		{C58E4892-03C7-4AF7-9959-7C8B8C15AEBD}.Release|x64.Build.0 = Release|Any CPU
		{C58E4892-03C7-4AF7-9959-7C8B8C15AEBD}.Release|x86.ActiveCfg = Release|Any CPU
		{C58E4892-03C7-4AF7-9959-7C8B8C15AEBD}.Release|x86.Build.0 = Release|Any CPU
		{832FF673-C31A-427B-917C-140B9A435120}.Debug|Any CPU.ActiveCfg = Debug|Any CPU
		{832FF673-C31A-427B-917C-140B9A435120}.Debug|Any CPU.Build.0 = Debug|Any CPU
		{832FF673-C31A-427B-917C-140B9A435120}.Debug|x64.ActiveCfg = Debug|Any CPU
		{832FF673-C31A-427B-917C-140B9A435120}.Debug|x64.Build.0 = Debug|Any CPU
		{832FF673-C31A-427B-917C-140B9A435120}.Debug|x86.ActiveCfg = Debug|Any CPU
		{832FF673-C31A-427B-917C-140B9A435120}.Debug|x86.Build.0 = Debug|Any CPU
		{832FF673-C31A-427B-917C-140B9A435120}.Release|Any CPU.ActiveCfg = Release|Any CPU
		{832FF673-C31A-427B-917C-140B9A435120}.Release|Any CPU.Build.0 = Release|Any CPU
		{832FF673-C31A-427B-917C-140B9A435120}.Release|x64.ActiveCfg = Release|Any CPU
		{832FF673-C31A-427B-917C-140B9A435120}.Release|x64.Build.0 = Release|Any CPU
		{832FF673-C31A-427B-917C-140B9A435120}.Release|x86.ActiveCfg = Release|Any CPU
		{832FF673-C31A-427B-917C-140B9A435120}.Release|x86.Build.0 = Release|Any CPU
	EndGlobalSection
	GlobalSection(SolutionProperties) = preSolution
		HideSolutionNode = FALSE
	EndGlobalSection
	GlobalSection(ExtensibilityGlobals) = postSolution
		SolutionGuid = {C8F05FCC-CE1A-48CA-A65D-B138DA08B2E1}
	EndGlobalSection
EndGlobal
